
Microsoft Visual Studio Solution File, Format Version 12.00
# Visual Studio 15
VisualStudioVersion = 15.0.27703.2042
MinimumVisualStudioVersion = 10.0.40219.1
Project("{9A19103F-16F7-4668-BE54-9A1E7A4F7556}") = "MilestonesParser.App", "MilestonesParser.App\MilestonesParser.App.csproj", "{D0DE9BEA-65B1-4B7E-8964-1390067038F1}"
EndProject
Project("{9A19103F-16F7-4668-BE54-9A1E7A4F7556}") = "MilestonesParser", "MilestonesParser\MilestonesParser.csproj", "{1CE027B0-DD70-4BF2-BD4F-740B0F193196}"
EndProject
Global
	GlobalSection(SolutionConfigurationPlatforms) = preSolution
		Debug|Any CPU = Debug|Any CPU
		Release|Any CPU = Release|Any CPU
	EndGlobalSection
	GlobalSection(ProjectConfigurationPlatforms) = postSolution
		{D0DE9BEA-65B1-4B7E-8964-1390067038F1}.Debug|Any CPU.ActiveCfg = Debug|Any CPU
		{D0DE9BEA-65B1-4B7E-8964-1390067038F1}.Debug|Any CPU.Build.0 = Debug|Any CPU
		{D0DE9BEA-65B1-4B7E-8964-1390067038F1}.Release|Any CPU.ActiveCfg = Release|Any CPU
		{D0DE9BEA-65B1-4B7E-8964-1390067038F1}.Release|Any CPU.Build.0 = Release|Any CPU
		{1CE027B0-DD70-4BF2-BD4F-740B0F193196}.Debug|Any CPU.ActiveCfg = Debug|Any CPU
		{1CE027B0-DD70-4BF2-BD4F-740B0F193196}.Debug|Any CPU.Build.0 = Debug|Any CPU
		{1CE027B0-DD70-4BF2-BD4F-740B0F193196}.Release|Any CPU.ActiveCfg = Release|Any CPU
		{1CE027B0-DD70-4BF2-BD4F-740B0F193196}.Release|Any CPU.Build.0 = Release|Any CPU
	EndGlobalSection
	GlobalSection(SolutionProperties) = preSolution
		HideSolutionNode = FALSE
	EndGlobalSection
	GlobalSection(ExtensibilityGlobals) = postSolution
		SolutionGuid = {8E710B76-1F8F-43F2-ADAD-84F0BBA39919}
	EndGlobalSection
EndGlobal
